
Microsoft Visual Studio Solution File, Format Version 12.00
# Visual Studio Version 16
VisualStudioVersion = 16.0.30611.23
MinimumVisualStudioVersion = 10.0.40219.1
Project("{FAE04EC0-301F-11D3-BF4B-00C04F79EFBC}") = "Employee", "Employee.csproj", "{F9C29B07-EBF5-49A4-B12F-26D4A521123D}"
EndProject
Global
	GlobalSection(SolutionConfigurationPlatforms) = preSolution
		Debug|Any CPU = Debug|Any CPU
		Release|Any CPU = Release|Any CPU
	EndGlobalSection
	GlobalSection(ProjectConfigurationPlatforms) = postSolution
		{F9C29B07-EBF5-49A4-B12F-26D4A521123D}.Debug|Any CPU.ActiveCfg = Debug|Any CPU
		{F9C29B07-EBF5-49A4-B12F-26D4A521123D}.Debug|Any CPU.Build.0 = Debug|Any CPU
		{F9C29B07-EBF5-49A4-B12F-26D4A521123D}.Release|Any CPU.ActiveCfg = Release|Any CPU
		{F9C29B07-EBF5-49A4-B12F-26D4A521123D}.Release|Any CPU.Build.0 = Release|Any CPU
	EndGlobalSection
	GlobalSection(SolutionProperties) = preSolution
		HideSolutionNode = FALSE
	EndGlobalSection
	GlobalSection(ExtensibilityGlobals) = postSolution
		SolutionGuid = {CE80E71F-842E-4E65-B6BD-61EBE535C3E1}
	EndGlobalSection
EndGlobal
