
Microsoft Visual Studio Solution File, Format Version 12.00
# Visual Studio Version 16
VisualStudioVersion = 16.0.30611.23
MinimumVisualStudioVersion = 10.0.40219.1
Project("{FAE04EC0-301F-11D3-BF4B-00C04F79EFBC}") = "CurrentDate", "CurrentDate.csproj", "{7088840A-0A47-4C78-AC06-C73A4884C389}"
EndProject
Global
	GlobalSection(SolutionConfigurationPlatforms) = preSolution
		Debug|Any CPU = Debug|Any CPU
		Release|Any CPU = Release|Any CPU
	EndGlobalSection
	GlobalSection(ProjectConfigurationPlatforms) = postSolution
		{7088840A-0A47-4C78-AC06-C73A4884C389}.Debug|Any CPU.ActiveCfg = Debug|Any CPU
		{7088840A-0A47-4C78-AC06-C73A4884C389}.Debug|Any CPU.Build.0 = Debug|Any CPU
		{7088840A-0A47-4C78-AC06-C73A4884C389}.Release|Any CPU.ActiveCfg = Release|Any CPU
		{7088840A-0A47-4C78-AC06-C73A4884C389}.Release|Any CPU.Build.0 = Release|Any CPU
	EndGlobalSection
	GlobalSection(SolutionProperties) = preSolution
		HideSolutionNode = FALSE
	EndGlobalSection
	GlobalSection(ExtensibilityGlobals) = postSolution
		SolutionGuid = {E087D78E-50AA-4E78-A895-448BC95C3267}
	EndGlobalSection
EndGlobal
