
Microsoft Visual Studio Solution File, Format Version 12.00
# Visual Studio Version 16
VisualStudioVersion = 16.0.30611.23
MinimumVisualStudioVersion = 10.0.40219.1
Project("{FAE04EC0-301F-11D3-BF4B-00C04F79EFBC}") = "ContosoUniversity", "ContosoUniversity.csproj", "{0C309EE4-6C4E-4865-AF9C-45127BDA9B61}"
EndProject
Global
	GlobalSection(SolutionConfigurationPlatforms) = preSolution
		Debug|Any CPU = Debug|Any CPU
		Release|Any CPU = Release|Any CPU
	EndGlobalSection
	GlobalSection(ProjectConfigurationPlatforms) = postSolution
		{0C309EE4-6C4E-4865-AF9C-45127BDA9B61}.Debug|Any CPU.ActiveCfg = Debug|Any CPU
		{0C309EE4-6C4E-4865-AF9C-45127BDA9B61}.Debug|Any CPU.Build.0 = Debug|Any CPU
		{0C309EE4-6C4E-4865-AF9C-45127BDA9B61}.Release|Any CPU.ActiveCfg = Release|Any CPU
		{0C309EE4-6C4E-4865-AF9C-45127BDA9B61}.Release|Any CPU.Build.0 = Release|Any CPU
	EndGlobalSection
	GlobalSection(SolutionProperties) = preSolution
		HideSolutionNode = FALSE
	EndGlobalSection
	GlobalSection(ExtensibilityGlobals) = postSolution
		SolutionGuid = {6D2B81F5-CAE1-4E96-9AD3-F3203F212636}
	EndGlobalSection
EndGlobal
