
Microsoft Visual Studio Solution File, Format Version 12.00
# Visual Studio Version 16
VisualStudioVersion = 16.0.30611.23
MinimumVisualStudioVersion = 10.0.40219.1
Project("{FAE04EC0-301F-11D3-BF4B-00C04F79EFBC}") = "DayOfTheWeek", "DayOfTheWeek.csproj", "{77B58E3F-A296-42C7-8292-406CBE6593F7}"
EndProject
Global
	GlobalSection(SolutionConfigurationPlatforms) = preSolution
		Debug|Any CPU = Debug|Any CPU
		Release|Any CPU = Release|Any CPU
	EndGlobalSection
	GlobalSection(ProjectConfigurationPlatforms) = postSolution
		{77B58E3F-A296-42C7-8292-406CBE6593F7}.Debug|Any CPU.ActiveCfg = Debug|Any CPU
		{77B58E3F-A296-42C7-8292-406CBE6593F7}.Debug|Any CPU.Build.0 = Debug|Any CPU
		{77B58E3F-A296-42C7-8292-406CBE6593F7}.Release|Any CPU.ActiveCfg = Release|Any CPU
		{77B58E3F-A296-42C7-8292-406CBE6593F7}.Release|Any CPU.Build.0 = Release|Any CPU
	EndGlobalSection
	GlobalSection(SolutionProperties) = preSolution
		HideSolutionNode = FALSE
	EndGlobalSection
	GlobalSection(ExtensibilityGlobals) = postSolution
		SolutionGuid = {DB397EA3-CC86-406A-B6EB-F9488B2E6FD0}
	EndGlobalSection
EndGlobal
