
Microsoft Visual Studio Solution File, Format Version 12.00
# Visual Studio Version 16
VisualStudioVersion = 16.0.30611.23
MinimumVisualStudioVersion = 10.0.40219.1
Project("{FAE04EC0-301F-11D3-BF4B-00C04F79EFBC}") = "Birthday", "Birthday.csproj", "{6637BC57-DBE1-4AA2-8BAE-8183FD4419FA}"
EndProject
Global
	GlobalSection(SolutionConfigurationPlatforms) = preSolution
		Debug|Any CPU = Debug|Any CPU
		Release|Any CPU = Release|Any CPU
	EndGlobalSection
	GlobalSection(ProjectConfigurationPlatforms) = postSolution
		{6637BC57-DBE1-4AA2-8BAE-8183FD4419FA}.Debug|Any CPU.ActiveCfg = Debug|Any CPU
		{6637BC57-DBE1-4AA2-8BAE-8183FD4419FA}.Debug|Any CPU.Build.0 = Debug|Any CPU
		{6637BC57-DBE1-4AA2-8BAE-8183FD4419FA}.Release|Any CPU.ActiveCfg = Release|Any CPU
		{6637BC57-DBE1-4AA2-8BAE-8183FD4419FA}.Release|Any CPU.Build.0 = Release|Any CPU
	EndGlobalSection
	GlobalSection(SolutionProperties) = preSolution
		HideSolutionNode = FALSE
	EndGlobalSection
	GlobalSection(ExtensibilityGlobals) = postSolution
		SolutionGuid = {21CF1F55-24AA-455B-B464-9EE52C26B92A}
	EndGlobalSection
EndGlobal
