
Microsoft Visual Studio Solution File, Format Version 12.00
# Visual Studio Version 16
VisualStudioVersion = 16.0.30611.23
MinimumVisualStudioVersion = 10.0.40219.1
Project("{FAE04EC0-301F-11D3-BF4B-00C04F79EFBC}") = "DataType", "DataType.csproj", "{FB53FB4C-C07C-4E16-8CE2-297598D04EBE}"
EndProject
Global
	GlobalSection(SolutionConfigurationPlatforms) = preSolution
		Debug|Any CPU = Debug|Any CPU
		Release|Any CPU = Release|Any CPU
	EndGlobalSection
	GlobalSection(ProjectConfigurationPlatforms) = postSolution
		{FB53FB4C-C07C-4E16-8CE2-297598D04EBE}.Debug|Any CPU.ActiveCfg = Debug|Any CPU
		{FB53FB4C-C07C-4E16-8CE2-297598D04EBE}.Debug|Any CPU.Build.0 = Debug|Any CPU
		{FB53FB4C-C07C-4E16-8CE2-297598D04EBE}.Release|Any CPU.ActiveCfg = Release|Any CPU
		{FB53FB4C-C07C-4E16-8CE2-297598D04EBE}.Release|Any CPU.Build.0 = Release|Any CPU
	EndGlobalSection
	GlobalSection(SolutionProperties) = preSolution
		HideSolutionNode = FALSE
	EndGlobalSection
	GlobalSection(ExtensibilityGlobals) = postSolution
		SolutionGuid = {EE949F93-6FE3-4249-8D7D-4D613FF676FB}
	EndGlobalSection
EndGlobal
