
Microsoft Visual Studio Solution File, Format Version 12.00
# Visual Studio Version 16
VisualStudioVersion = 16.0.30611.23
MinimumVisualStudioVersion = 10.0.40219.1
Project("{FAE04EC0-301F-11D3-BF4B-00C04F79EFBC}") = "StringFunctions", "StringFunctions.csproj", "{2F91A33C-992B-4E24-9D2A-B1A907987F26}"
EndProject
Global
	GlobalSection(SolutionConfigurationPlatforms) = preSolution
		Debug|Any CPU = Debug|Any CPU
		Release|Any CPU = Release|Any CPU
	EndGlobalSection
	GlobalSection(ProjectConfigurationPlatforms) = postSolution
		{2F91A33C-992B-4E24-9D2A-B1A907987F26}.Debug|Any CPU.ActiveCfg = Debug|Any CPU
		{2F91A33C-992B-4E24-9D2A-B1A907987F26}.Debug|Any CPU.Build.0 = Debug|Any CPU
		{2F91A33C-992B-4E24-9D2A-B1A907987F26}.Release|Any CPU.ActiveCfg = Release|Any CPU
		{2F91A33C-992B-4E24-9D2A-B1A907987F26}.Release|Any CPU.Build.0 = Release|Any CPU
	EndGlobalSection
	GlobalSection(SolutionProperties) = preSolution
		HideSolutionNode = FALSE
	EndGlobalSection
	GlobalSection(ExtensibilityGlobals) = postSolution
		SolutionGuid = {8A48D9BD-DF62-415D-A65A-0276DA42C6B3}
	EndGlobalSection
EndGlobal
