
Microsoft Visual Studio Solution File, Format Version 12.00
# Visual Studio Version 16
VisualStudioVersion = 16.0.30611.23
MinimumVisualStudioVersion = 10.0.40219.1
Project("{FAE04EC0-301F-11D3-BF4B-00C04F79EFBC}") = "FileIO", "FileIO.csproj", "{AE9DCA70-5DC5-42F8-83D3-483614CDCF18}"
EndProject
Global
	GlobalSection(SolutionConfigurationPlatforms) = preSolution
		Debug|Any CPU = Debug|Any CPU
		Release|Any CPU = Release|Any CPU
	EndGlobalSection
	GlobalSection(ProjectConfigurationPlatforms) = postSolution
		{AE9DCA70-5DC5-42F8-83D3-483614CDCF18}.Debug|Any CPU.ActiveCfg = Debug|Any CPU
		{AE9DCA70-5DC5-42F8-83D3-483614CDCF18}.Debug|Any CPU.Build.0 = Debug|Any CPU
		{AE9DCA70-5DC5-42F8-83D3-483614CDCF18}.Release|Any CPU.ActiveCfg = Release|Any CPU
		{AE9DCA70-5DC5-42F8-83D3-483614CDCF18}.Release|Any CPU.Build.0 = Release|Any CPU
	EndGlobalSection
	GlobalSection(SolutionProperties) = preSolution
		HideSolutionNode = FALSE
	EndGlobalSection
	GlobalSection(ExtensibilityGlobals) = postSolution
		SolutionGuid = {C408EF38-DAD4-4DA6-BD41-776F58F33123}
	EndGlobalSection
EndGlobal
