
Microsoft Visual Studio Solution File, Format Version 12.00
# Visual Studio Version 16
VisualStudioVersion = 16.0.30611.23
MinimumVisualStudioVersion = 10.0.40219.1
Project("{FAE04EC0-301F-11D3-BF4B-00C04F79EFBC}") = "OptionalParameters", "OptionalParameters.csproj", "{70431F23-BCF3-4485-ACD4-A3B17B7C64B3}"
EndProject
Global
	GlobalSection(SolutionConfigurationPlatforms) = preSolution
		Debug|Any CPU = Debug|Any CPU
		Release|Any CPU = Release|Any CPU
	EndGlobalSection
	GlobalSection(ProjectConfigurationPlatforms) = postSolution
		{70431F23-BCF3-4485-ACD4-A3B17B7C64B3}.Debug|Any CPU.ActiveCfg = Debug|Any CPU
		{70431F23-BCF3-4485-ACD4-A3B17B7C64B3}.Debug|Any CPU.Build.0 = Debug|Any CPU
		{70431F23-BCF3-4485-ACD4-A3B17B7C64B3}.Release|Any CPU.ActiveCfg = Release|Any CPU
		{70431F23-BCF3-4485-ACD4-A3B17B7C64B3}.Release|Any CPU.Build.0 = Release|Any CPU
	EndGlobalSection
	GlobalSection(SolutionProperties) = preSolution
		HideSolutionNode = FALSE
	EndGlobalSection
	GlobalSection(ExtensibilityGlobals) = postSolution
		SolutionGuid = {FE35FFB0-55E3-4FF4-901F-6DB9D794D510}
	EndGlobalSection
EndGlobal
